
Microsoft Visual Studio Solution File, Format Version 12.00
# Visual Studio Version 17
VisualStudioVersion = 17.8.34330.188
MinimumVisualStudioVersion = 10.0.40219.1
Project("{FAE04EC0-301F-11D3-BF4B-00C04F79EFBC}") = "NansHoi4ModdingTool", "NansHoi4ModdingTool\NansHoi4ModdingTool.csproj", "{7F31ECE6-1C2E-4D79-895B-508AA8DAFFCB}"
EndProject
Global
	GlobalSection(SolutionConfigurationPlatforms) = preSolution
		Debug|Any CPU = Debug|Any CPU
		Release|Any CPU = Release|Any CPU
	EndGlobalSection
	GlobalSection(ProjectConfigurationPlatforms) = postSolution
		{7F31ECE6-1C2E-4D79-895B-508AA8DAFFCB}.Debug|Any CPU.ActiveCfg = Debug|Any CPU
		{7F31ECE6-1C2E-4D79-895B-508AA8DAFFCB}.Debug|Any CPU.Build.0 = Debug|Any CPU
		{7F31ECE6-1C2E-4D79-895B-508AA8DAFFCB}.Release|Any CPU.ActiveCfg = Release|Any CPU
		{7F31ECE6-1C2E-4D79-895B-508AA8DAFFCB}.Release|Any CPU.Build.0 = Release|Any CPU
	EndGlobalSection
	GlobalSection(SolutionProperties) = preSolution
		HideSolutionNode = FALSE
	EndGlobalSection
	GlobalSection(ExtensibilityGlobals) = postSolution
		SolutionGuid = {75B8DBB6-A248-4CC5-B247-E346E2AE3386}
	EndGlobalSection
EndGlobal
